# THIS IS AN AUTOGENERATED FILE. DO NOT EDIT THIS FILE DIRECTLY.
# yarn lockfile v1


mvdan-sh@^0.4.0:
  version "0.4.0"
  resolved "https://registry.yarnpkg.com/mvdan-sh/-/mvdan-sh-0.4.0.tgz#e1e5ed870bc866ce0180ee79abab55c3bf1c2293"
  integrity sha512-pJ8f58eHR5LgJ5VY3yUpIAkvnd6rpLQj9WV4zwxQPInVyRRmE+dzBSEL3gcShLTodeORtcA8UG+HNMOhdMthrA==

prettier-plugin-sh@^0.2.4:
  version "0.2.4"
  resolved "https://registry.yarnpkg.com/prettier-plugin-sh/-/prettier-plugin-sh-0.2.4.tgz#1aedfc838f10ce9f279cc119a2a8091def03a3ca"
  integrity sha512-mDDrf+1HURUTDtD0Vd7KMC7ZLM6SZD9zkXl7sEQsyyZK0SD6YLe67X66MqNOkW8mvW2k5fu4FFHjBjnx55/rEg==
  dependencies:
    mvdan-sh "^0.4.0"

prettier@^1.19.1:
  version "1.19.1"
  resolved "https://registry.yarnpkg.com/prettier/-/prettier-1.19.1.tgz#f7d7f5ff8a9cd872a7be4ca142095956a60797cb"
  integrity sha512-s7PoyDv/II1ObgQunCbB9PdLmUcBZcnWOcxDh7O0N/UwDEsHyqkW+Qh28jW+mVuCdx7gLB0BotYI1Y6uI9iyew==
